
Microsoft Visual Studio Solution File, Format Version 12.00
# Visual Studio Version 16
VisualStudioVersion = 16.0.30011.22
MinimumVisualStudioVersion = 10.0.40219.1
Project("{888888A0-9F3D-457C-B088-3A5042F75D52}") = "Doc99", "Doc99\Doc99.pyproj", "{B3D5D490-9C8F-434A-AB35-57C6F1107367}"
EndProject
Global
	GlobalSection(SolutionConfigurationPlatforms) = preSolution
		Debug|Any CPU = Debug|Any CPU
		Release|Any CPU = Release|Any CPU
	EndGlobalSection
	GlobalSection(ProjectConfigurationPlatforms) = postSolution
		{B3D5D490-9C8F-434A-AB35-57C6F1107367}.Debug|Any CPU.ActiveCfg = Debug|Any CPU
		{B3D5D490-9C8F-434A-AB35-57C6F1107367}.Debug|Any CPU.Build.0 = Debug|Any CPU
		{B3D5D490-9C8F-434A-AB35-57C6F1107367}.Release|Any CPU.ActiveCfg = Release|Any CPU
		{B3D5D490-9C8F-434A-AB35-57C6F1107367}.Release|Any CPU.Build.0 = Release|Any CPU
	EndGlobalSection
	GlobalSection(SolutionProperties) = preSolution
		HideSolutionNode = FALSE
	EndGlobalSection
	GlobalSection(ExtensibilityGlobals) = postSolution
		SolutionGuid = {2533F836-E554-4FBE-A501-F5E1D4E4104D}
	EndGlobalSection
EndGlobal
